
Microsoft Visual Studio Solution File, Format Version 12.00
# Visual Studio Version 17
VisualStudioVersion = 17.7.34202.233
MinimumVisualStudioVersion = 10.0.40219.1
Project("{9A19103F-16F7-4668-BE54-9A1E7A4F7556}") = "Weatherly", "Weatherly.csproj", "{FA052513-1E73-4C3E-8910-CEF4EA2B3CAB}"
EndProject

Global
	GlobalSection(SolutionConfigurationPlatforms) = preSolution
		Debug|Any CPU = Debug|Any CPU
		Release|Any CPU = Release|Any CPU
	EndGlobalSection
	GlobalSection(ProjectConfigurationPlatforms) = postSolution
		{FA052513-1E73-4C3E-8910-CEF4EA2B3CAB}.Debug|Any CPU.ActiveCfg = Debug|Any CPU
		{FA052513-1E73-4C3E-8910-CEF4EA2B3CAB}.Debug|Any CPU.Build.0 = Debug|Any CPU
		{FA052513-1E73-4C3E-8910-CEF4EA2B3CAB}.Release|Any CPU.ActiveCfg = Release|Any CPU
		{FA052513-1E73-4C3E-8910-CEF4EA2B3CAB}.Release|Any CPU.Build.0 = Release|Any CPU
		{7EED78BD-BA9A-4280-908E-DCCD1B221EC2}.Debug|Any CPU.ActiveCfg = Debug|Any CPU
		{7EED78BD-BA9A-4280-908E-DCCD1B221EC2}.Debug|Any CPU.Build.0 = Debug|Any CPU
		{7EED78BD-BA9A-4280-908E-DCCD1B221EC2}.Release|Any CPU.ActiveCfg = Release|Any CPU
		{7EED78BD-BA9A-4280-908E-DCCD1B221EC2}.Release|Any CPU.Build.0 = Release|Any CPU
		{EA417A30-61AC-47A5-877E-4AE2FE4083F6}.Debug|Any CPU.ActiveCfg = Debug|Any CPU
		{EA417A30-61AC-47A5-877E-4AE2FE4083F6}.Debug|Any CPU.Build.0 = Debug|Any CPU
		{EA417A30-61AC-47A5-877E-4AE2FE4083F6}.Release|Any CPU.ActiveCfg = Release|Any CPU
		{EA417A30-61AC-47A5-877E-4AE2FE4083F6}.Release|Any CPU.Build.0 = Release|Any CPU
	EndGlobalSection
	GlobalSection(SolutionProperties) = preSolution
		HideSolutionNode = FALSE
	EndGlobalSection
	GlobalSection(ExtensibilityGlobals) = postSolution
		SolutionGuid = {C32FB9A8-752D-43DA-BD89-554266E718C1}
	EndGlobalSection
EndGlobal
